
Microsoft Visual Studio Solution File, Format Version 12.00
# Visual Studio 15
VisualStudioVersion = 15.0.27004.2009
MinimumVisualStudioVersion = 10.0.40219.1
Project("{2150E333-8FDC-42A3-9474-1A3956D46DE8}") = "Engine", "Engine", "{935A1C39-4E0C-4B98-B1D3-8340A947D0A7}"
EndProject
Project("{2150E333-8FDC-42A3-9474-1A3956D46DE8}") = "Games", "Games", "{5B6EAB8F-80A0-40E3-97D4-B95FBD7ABB9B}"
EndProject
Project("{8BC9CEB8-8B4A-11D0-8D11-00A0C91BC942}") = "UE4", "Intermediate\ProjectFiles\UE4.vcxproj", "{EB7275F0-D601-40CE-9A85-86B444A62FBA}"
EndProject
Project("{8BC9CEB8-8B4A-11D0-8D11-00A0C91BC942}") = "QuickStart4_17_2", "Intermediate\ProjectFiles\QuickStart4_17_2.vcxproj", "{D9873E8F-60AC-4BF4-8EBA-9804C5981F1B}"
EndProject
Global
	GlobalSection(SolutionConfigurationPlatforms) = preSolution
		DebugGame Editor|HTML5 = DebugGame Editor|HTML5
		DebugGame Editor|IOS = DebugGame Editor|IOS
		DebugGame Editor|Win32 = DebugGame Editor|Win32
		DebugGame Editor|Win64 = DebugGame Editor|Win64
		DebugGame|HTML5 = DebugGame|HTML5
		DebugGame|IOS = DebugGame|IOS
		DebugGame|Win32 = DebugGame|Win32
		DebugGame|Win64 = DebugGame|Win64
		Development Editor|HTML5 = Development Editor|HTML5
		Development Editor|IOS = Development Editor|IOS
		Development Editor|Win32 = Development Editor|Win32
		Development Editor|Win64 = Development Editor|Win64
		Development|HTML5 = Development|HTML5
		Development|IOS = Development|IOS
		Development|Win32 = Development|Win32
		Development|Win64 = Development|Win64
		Shipping|HTML5 = Shipping|HTML5
		Shipping|IOS = Shipping|IOS
		Shipping|Win32 = Shipping|Win32
		Shipping|Win64 = Shipping|Win64
	EndGlobalSection
	GlobalSection(ProjectConfigurationPlatforms) = postSolution
		{EB7275F0-D601-40CE-9A85-86B444A62FBA}.DebugGame Editor|HTML5.ActiveCfg = BuiltWithUnrealBuildTool|Win32
		{EB7275F0-D601-40CE-9A85-86B444A62FBA}.DebugGame Editor|HTML5.Build.0 = BuiltWithUnrealBuildTool|Win32
		{EB7275F0-D601-40CE-9A85-86B444A62FBA}.DebugGame Editor|IOS.ActiveCfg = BuiltWithUnrealBuildTool|Win32
		{EB7275F0-D601-40CE-9A85-86B444A62FBA}.DebugGame Editor|IOS.Build.0 = BuiltWithUnrealBuildTool|Win32
		{EB7275F0-D601-40CE-9A85-86B444A62FBA}.DebugGame Editor|Win32.ActiveCfg = BuiltWithUnrealBuildTool|Win32
		{EB7275F0-D601-40CE-9A85-86B444A62FBA}.DebugGame Editor|Win32.Build.0 = BuiltWithUnrealBuildTool|Win32
		{EB7275F0-D601-40CE-9A85-86B444A62FBA}.DebugGame Editor|Win64.ActiveCfg = BuiltWithUnrealBuildTool|Win32
		{EB7275F0-D601-40CE-9A85-86B444A62FBA}.DebugGame Editor|Win64.Build.0 = BuiltWithUnrealBuildTool|Win32
		{EB7275F0-D601-40CE-9A85-86B444A62FBA}.DebugGame|HTML5.ActiveCfg = BuiltWithUnrealBuildTool|Win32
		{EB7275F0-D601-40CE-9A85-86B444A62FBA}.DebugGame|HTML5.Build.0 = BuiltWithUnrealBuildTool|Win32
		{EB7275F0-D601-40CE-9A85-86B444A62FBA}.DebugGame|IOS.ActiveCfg = BuiltWithUnrealBuildTool|Win32
		{EB7275F0-D601-40CE-9A85-86B444A62FBA}.DebugGame|IOS.Build.0 = BuiltWithUnrealBuildTool|Win32
		{EB7275F0-D601-40CE-9A85-86B444A62FBA}.DebugGame|Win32.ActiveCfg = BuiltWithUnrealBuildTool|Win32
		{EB7275F0-D601-40CE-9A85-86B444A62FBA}.DebugGame|Win32.Build.0 = BuiltWithUnrealBuildTool|Win32
		{EB7275F0-D601-40CE-9A85-86B444A62FBA}.DebugGame|Win64.ActiveCfg = BuiltWithUnrealBuildTool|Win32
		{EB7275F0-D601-40CE-9A85-86B444A62FBA}.DebugGame|Win64.Build.0 = BuiltWithUnrealBuildTool|Win32
		{EB7275F0-D601-40CE-9A85-86B444A62FBA}.Development Editor|HTML5.ActiveCfg = BuiltWithUnrealBuildTool|Win32
		{EB7275F0-D601-40CE-9A85-86B444A62FBA}.Development Editor|HTML5.Build.0 = BuiltWithUnrealBuildTool|Win32
		{EB7275F0-D601-40CE-9A85-86B444A62FBA}.Development Editor|IOS.ActiveCfg = BuiltWithUnrealBuildTool|Win32
		{EB7275F0-D601-40CE-9A85-86B444A62FBA}.Development Editor|IOS.Build.0 = BuiltWithUnrealBuildTool|Win32
		{EB7275F0-D601-40CE-9A85-86B444A62FBA}.Development Editor|Win32.ActiveCfg = BuiltWithUnrealBuildTool|Win32
		{EB7275F0-D601-40CE-9A85-86B444A62FBA}.Development Editor|Win32.Build.0 = BuiltWithUnrealBuildTool|Win32
		{EB7275F0-D601-40CE-9A85-86B444A62FBA}.Development Editor|Win64.ActiveCfg = BuiltWithUnrealBuildTool|Win32
		{EB7275F0-D601-40CE-9A85-86B444A62FBA}.Development Editor|Win64.Build.0 = BuiltWithUnrealBuildTool|Win32
		{EB7275F0-D601-40CE-9A85-86B444A62FBA}.Development|HTML5.ActiveCfg = BuiltWithUnrealBuildTool|Win32
		{EB7275F0-D601-40CE-9A85-86B444A62FBA}.Development|HTML5.Build.0 = BuiltWithUnrealBuildTool|Win32
		{EB7275F0-D601-40CE-9A85-86B444A62FBA}.Development|IOS.ActiveCfg = BuiltWithUnrealBuildTool|Win32
		{EB7275F0-D601-40CE-9A85-86B444A62FBA}.Development|IOS.Build.0 = BuiltWithUnrealBuildTool|Win32
		{EB7275F0-D601-40CE-9A85-86B444A62FBA}.Development|Win32.ActiveCfg = BuiltWithUnrealBuildTool|Win32
		{EB7275F0-D601-40CE-9A85-86B444A62FBA}.Development|Win32.Build.0 = BuiltWithUnrealBuildTool|Win32
		{EB7275F0-D601-40CE-9A85-86B444A62FBA}.Development|Win64.ActiveCfg = BuiltWithUnrealBuildTool|Win32
		{EB7275F0-D601-40CE-9A85-86B444A62FBA}.Development|Win64.Build.0 = BuiltWithUnrealBuildTool|Win32
		{EB7275F0-D601-40CE-9A85-86B444A62FBA}.Shipping|HTML5.ActiveCfg = BuiltWithUnrealBuildTool|Win32
		{EB7275F0-D601-40CE-9A85-86B444A62FBA}.Shipping|HTML5.Build.0 = BuiltWithUnrealBuildTool|Win32
		{EB7275F0-D601-40CE-9A85-86B444A62FBA}.Shipping|IOS.ActiveCfg = BuiltWithUnrealBuildTool|Win32
		{EB7275F0-D601-40CE-9A85-86B444A62FBA}.Shipping|IOS.Build.0 = BuiltWithUnrealBuildTool|Win32
		{EB7275F0-D601-40CE-9A85-86B444A62FBA}.Shipping|Win32.ActiveCfg = BuiltWithUnrealBuildTool|Win32
		{EB7275F0-D601-40CE-9A85-86B444A62FBA}.Shipping|Win32.Build.0 = BuiltWithUnrealBuildTool|Win32
		{EB7275F0-D601-40CE-9A85-86B444A62FBA}.Shipping|Win64.ActiveCfg = BuiltWithUnrealBuildTool|Win32
		{EB7275F0-D601-40CE-9A85-86B444A62FBA}.Shipping|Win64.Build.0 = BuiltWithUnrealBuildTool|Win32
		{D9873E8F-60AC-4BF4-8EBA-9804C5981F1B}.DebugGame Editor|HTML5.ActiveCfg = HTML5_DebugGame_Editor|Win32
		{D9873E8F-60AC-4BF4-8EBA-9804C5981F1B}.DebugGame Editor|IOS.ActiveCfg = IOS_DebugGame_Editor|Win32
		{D9873E8F-60AC-4BF4-8EBA-9804C5981F1B}.DebugGame Editor|Win32.ActiveCfg = DebugGame_Editor|Win32
		{D9873E8F-60AC-4BF4-8EBA-9804C5981F1B}.DebugGame Editor|Win64.ActiveCfg = DebugGame_Editor|x64
		{D9873E8F-60AC-4BF4-8EBA-9804C5981F1B}.DebugGame Editor|Win64.Build.0 = DebugGame_Editor|x64
		{D9873E8F-60AC-4BF4-8EBA-9804C5981F1B}.DebugGame|HTML5.ActiveCfg = HTML5_DebugGame_Game|Win32
		{D9873E8F-60AC-4BF4-8EBA-9804C5981F1B}.DebugGame|HTML5.Build.0 = HTML5_DebugGame_Game|Win32
		{D9873E8F-60AC-4BF4-8EBA-9804C5981F1B}.DebugGame|IOS.ActiveCfg = IOS_DebugGame_Game|Win32
		{D9873E8F-60AC-4BF4-8EBA-9804C5981F1B}.DebugGame|IOS.Build.0 = IOS_DebugGame_Game|Win32
		{D9873E8F-60AC-4BF4-8EBA-9804C5981F1B}.DebugGame|Win32.ActiveCfg = DebugGame_Game|Win32
		{D9873E8F-60AC-4BF4-8EBA-9804C5981F1B}.DebugGame|Win32.Build.0 = DebugGame_Game|Win32
		{D9873E8F-60AC-4BF4-8EBA-9804C5981F1B}.DebugGame|Win64.ActiveCfg = DebugGame_Game|x64
		{D9873E8F-60AC-4BF4-8EBA-9804C5981F1B}.DebugGame|Win64.Build.0 = DebugGame_Game|x64
		{D9873E8F-60AC-4BF4-8EBA-9804C5981F1B}.Development Editor|HTML5.ActiveCfg = HTML5_Development_Editor|Win32
		{D9873E8F-60AC-4BF4-8EBA-9804C5981F1B}.Development Editor|IOS.ActiveCfg = IOS_Development_Editor|Win32
		{D9873E8F-60AC-4BF4-8EBA-9804C5981F1B}.Development Editor|Win32.ActiveCfg = Development_Editor|Win32
		{D9873E8F-60AC-4BF4-8EBA-9804C5981F1B}.Development Editor|Win64.ActiveCfg = Development_Editor|x64
		{D9873E8F-60AC-4BF4-8EBA-9804C5981F1B}.Development Editor|Win64.Build.0 = Development_Editor|x64
		{D9873E8F-60AC-4BF4-8EBA-9804C5981F1B}.Development|HTML5.ActiveCfg = HTML5_Development_Game|Win32
		{D9873E8F-60AC-4BF4-8EBA-9804C5981F1B}.Development|HTML5.Build.0 = HTML5_Development_Game|Win32
		{D9873E8F-60AC-4BF4-8EBA-9804C5981F1B}.Development|IOS.ActiveCfg = IOS_Development_Game|Win32
		{D9873E8F-60AC-4BF4-8EBA-9804C5981F1B}.Development|IOS.Build.0 = IOS_Development_Game|Win32
		{D9873E8F-60AC-4BF4-8EBA-9804C5981F1B}.Development|Win32.ActiveCfg = Development_Game|Win32
		{D9873E8F-60AC-4BF4-8EBA-9804C5981F1B}.Development|Win32.Build.0 = Development_Game|Win32
		{D9873E8F-60AC-4BF4-8EBA-9804C5981F1B}.Development|Win64.ActiveCfg = Development_Game|x64
		{D9873E8F-60AC-4BF4-8EBA-9804C5981F1B}.Development|Win64.Build.0 = Development_Game|x64
		{D9873E8F-60AC-4BF4-8EBA-9804C5981F1B}.Shipping|HTML5.ActiveCfg = HTML5_Shipping_Game|Win32
		{D9873E8F-60AC-4BF4-8EBA-9804C5981F1B}.Shipping|HTML5.Build.0 = HTML5_Shipping_Game|Win32
		{D9873E8F-60AC-4BF4-8EBA-9804C5981F1B}.Shipping|IOS.ActiveCfg = IOS_Shipping_Game|Win32
		{D9873E8F-60AC-4BF4-8EBA-9804C5981F1B}.Shipping|IOS.Build.0 = IOS_Shipping_Game|Win32
		{D9873E8F-60AC-4BF4-8EBA-9804C5981F1B}.Shipping|Win32.ActiveCfg = Shipping_Game|Win32
		{D9873E8F-60AC-4BF4-8EBA-9804C5981F1B}.Shipping|Win32.Build.0 = Shipping_Game|Win32
		{D9873E8F-60AC-4BF4-8EBA-9804C5981F1B}.Shipping|Win64.ActiveCfg = Shipping_Game|x64
		{D9873E8F-60AC-4BF4-8EBA-9804C5981F1B}.Shipping|Win64.Build.0 = Shipping_Game|x64
	EndGlobalSection
	GlobalSection(SolutionProperties) = preSolution
		HideSolutionNode = FALSE
	EndGlobalSection
	GlobalSection(NestedProjects) = preSolution
		{EB7275F0-D601-40CE-9A85-86B444A62FBA} = {935A1C39-4E0C-4B98-B1D3-8340A947D0A7}
		{D9873E8F-60AC-4BF4-8EBA-9804C5981F1B} = {5B6EAB8F-80A0-40E3-97D4-B95FBD7ABB9B}
	EndGlobalSection
	GlobalSection(ExtensibilityGlobals) = postSolution
		SolutionGuid = {826EA920-917C-4FCD-8854-34BDF0A36541}
	EndGlobalSection
EndGlobal
